
Microsoft Visual Studio Solution File, Format Version 12.00
# Visual Studio Version 17
VisualStudioVersion = 17.13.35828.75 d17.13
MinimumVisualStudioVersion = 10.0.40219.1
Project("{FAE04EC0-301F-11D3-BF4B-00C04F79EFBC}") = "CatYearsXAMLDemo", "CatYearsXAMLDemo\CatYearsXAMLDemo.csproj", "{CC7B1AB9-4090-4C20-AD18-C55EDBB64749}"
EndProject
Global
	GlobalSection(SolutionConfigurationPlatforms) = preSolution
		Debug|Any CPU = Debug|Any CPU
		Release|Any CPU = Release|Any CPU
	EndGlobalSection
	GlobalSection(ProjectConfigurationPlatforms) = postSolution
		{CC7B1AB9-4090-4C20-AD18-C55EDBB64749}.Debug|Any CPU.ActiveCfg = Debug|Any CPU
		{CC7B1AB9-4090-4C20-AD18-C55EDBB64749}.Debug|Any CPU.Build.0 = Debug|Any CPU
		{CC7B1AB9-4090-4C20-AD18-C55EDBB64749}.Release|Any CPU.ActiveCfg = Release|Any CPU
		{CC7B1AB9-4090-4C20-AD18-C55EDBB64749}.Release|Any CPU.Build.0 = Release|Any CPU
	EndGlobalSection
	GlobalSection(SolutionProperties) = preSolution
		HideSolutionNode = FALSE
	EndGlobalSection
	GlobalSection(ExtensibilityGlobals) = postSolution
		SolutionGuid = {4A4A750C-A13E-43D9-953F-2CA477E8C505}
	EndGlobalSection
EndGlobal
