
Microsoft Visual Studio Solution File, Format Version 12.00
# Visual Studio Version 17
VisualStudioVersion = 17.13.35828.75 d17.13
MinimumVisualStudioVersion = 10.0.40219.1
Project("{FAE04EC0-301F-11D3-BF4B-00C04F79EFBC}") = "MenuControlDemo", "MenuControlDemo\MenuControlDemo.csproj", "{3C5AEC4A-4376-4AC3-8832-92D1AA9DF17D}"
EndProject
Global
	GlobalSection(SolutionConfigurationPlatforms) = preSolution
		Debug|Any CPU = Debug|Any CPU
		Release|Any CPU = Release|Any CPU
	EndGlobalSection
	GlobalSection(ProjectConfigurationPlatforms) = postSolution
		{3C5AEC4A-4376-4AC3-8832-92D1AA9DF17D}.Debug|Any CPU.ActiveCfg = Debug|Any CPU
		{3C5AEC4A-4376-4AC3-8832-92D1AA9DF17D}.Debug|Any CPU.Build.0 = Debug|Any CPU
		{3C5AEC4A-4376-4AC3-8832-92D1AA9DF17D}.Release|Any CPU.ActiveCfg = Release|Any CPU
		{3C5AEC4A-4376-4AC3-8832-92D1AA9DF17D}.Release|Any CPU.Build.0 = Release|Any CPU
	EndGlobalSection
	GlobalSection(SolutionProperties) = preSolution
		HideSolutionNode = FALSE
	EndGlobalSection
	GlobalSection(ExtensibilityGlobals) = postSolution
		SolutionGuid = {77459BC3-F8E8-42CD-B16E-468B28CEB350}
	EndGlobalSection
EndGlobal
