
Microsoft Visual Studio Solution File, Format Version 12.00
# Visual Studio Version 17
VisualStudioVersion = 17.13.35828.75 d17.13
MinimumVisualStudioVersion = 10.0.40219.1
Project("{FAE04EC0-301F-11D3-BF4B-00C04F79EFBC}") = "ToolbarDemo", "ToolbarDemo\ToolbarDemo.csproj", "{27830579-8493-46D9-86CA-920395DD4FFC}"
EndProject
Global
	GlobalSection(SolutionConfigurationPlatforms) = preSolution
		Debug|Any CPU = Debug|Any CPU
		Release|Any CPU = Release|Any CPU
	EndGlobalSection
	GlobalSection(ProjectConfigurationPlatforms) = postSolution
		{27830579-8493-46D9-86CA-920395DD4FFC}.Debug|Any CPU.ActiveCfg = Debug|Any CPU
		{27830579-8493-46D9-86CA-920395DD4FFC}.Debug|Any CPU.Build.0 = Debug|Any CPU
		{27830579-8493-46D9-86CA-920395DD4FFC}.Release|Any CPU.ActiveCfg = Release|Any CPU
		{27830579-8493-46D9-86CA-920395DD4FFC}.Release|Any CPU.Build.0 = Release|Any CPU
	EndGlobalSection
	GlobalSection(SolutionProperties) = preSolution
		HideSolutionNode = FALSE
	EndGlobalSection
	GlobalSection(ExtensibilityGlobals) = postSolution
		SolutionGuid = {DAF47BD3-D598-4F79-93A5-97B8582B23FB}
	EndGlobalSection
EndGlobal
