
Microsoft Visual Studio Solution File, Format Version 12.00
# Visual Studio Version 17
VisualStudioVersion = 17.13.35828.75 d17.13
MinimumVisualStudioVersion = 10.0.40219.1
Project("{FAE04EC0-301F-11D3-BF4B-00C04F79EFBC}") = "CanvasDemo", "CanvasDemo\CanvasDemo.csproj", "{B2348D8D-18D7-4ECD-A999-ECB53638ADF8}"
EndProject
Global
	GlobalSection(SolutionConfigurationPlatforms) = preSolution
		Debug|Any CPU = Debug|Any CPU
		Release|Any CPU = Release|Any CPU
	EndGlobalSection
	GlobalSection(ProjectConfigurationPlatforms) = postSolution
		{B2348D8D-18D7-4ECD-A999-ECB53638ADF8}.Debug|Any CPU.ActiveCfg = Debug|Any CPU
		{B2348D8D-18D7-4ECD-A999-ECB53638ADF8}.Debug|Any CPU.Build.0 = Debug|Any CPU
		{B2348D8D-18D7-4ECD-A999-ECB53638ADF8}.Release|Any CPU.ActiveCfg = Release|Any CPU
		{B2348D8D-18D7-4ECD-A999-ECB53638ADF8}.Release|Any CPU.Build.0 = Release|Any CPU
	EndGlobalSection
	GlobalSection(SolutionProperties) = preSolution
		HideSolutionNode = FALSE
	EndGlobalSection
	GlobalSection(ExtensibilityGlobals) = postSolution
		SolutionGuid = {228948E1-9C6E-4B98-A6A1-B7EC2DB0909A}
	EndGlobalSection
EndGlobal
